
Microsoft Visual Studio Solution File, Format Version 12.00
# Visual Studio Version 16
VisualStudioVersion = 16.0.32630.194
MinimumVisualStudioVersion = 10.0.40219.1
Project("{9A19103F-16F7-4668-BE54-9A1E7A4F7556}") = "CampBookingApi", "CampBookingApi\CampBookingApi.csproj", "{7C509132-BCEB-49D3-9E3C-2B999CBBD2D9}"
EndProject
Project("{FAE04EC0-301F-11D3-BF4B-00C04F79EFBC}") = "Business_Logic_Layer", "Business_Logic_Layer\Business_Logic_Layer.csproj", "{B1C790A4-3734-4A87-A52E-91DE6063D639}"
EndProject
Project("{FAE04EC0-301F-11D3-BF4B-00C04F79EFBC}") = "Data_Access_layer", "Data_Access_layer\Data_Access_layer.csproj", "{35775B0D-0242-4BC0-AEDC-D627CAD9D8EE}"
EndProject
Global
	GlobalSection(SolutionConfigurationPlatforms) = preSolution
		Debug|Any CPU = Debug|Any CPU
		Release|Any CPU = Release|Any CPU
	EndGlobalSection
	GlobalSection(ProjectConfigurationPlatforms) = postSolution
		{7C509132-BCEB-49D3-9E3C-2B999CBBD2D9}.Debug|Any CPU.ActiveCfg = Debug|Any CPU
		{7C509132-BCEB-49D3-9E3C-2B999CBBD2D9}.Debug|Any CPU.Build.0 = Debug|Any CPU
		{7C509132-BCEB-49D3-9E3C-2B999CBBD2D9}.Release|Any CPU.ActiveCfg = Release|Any CPU
		{7C509132-BCEB-49D3-9E3C-2B999CBBD2D9}.Release|Any CPU.Build.0 = Release|Any CPU
		{B1C790A4-3734-4A87-A52E-91DE6063D639}.Debug|Any CPU.ActiveCfg = Debug|Any CPU
		{B1C790A4-3734-4A87-A52E-91DE6063D639}.Debug|Any CPU.Build.0 = Debug|Any CPU
		{B1C790A4-3734-4A87-A52E-91DE6063D639}.Release|Any CPU.ActiveCfg = Release|Any CPU
		{B1C790A4-3734-4A87-A52E-91DE6063D639}.Release|Any CPU.Build.0 = Release|Any CPU
		{35775B0D-0242-4BC0-AEDC-D627CAD9D8EE}.Debug|Any CPU.ActiveCfg = Debug|Any CPU
		{35775B0D-0242-4BC0-AEDC-D627CAD9D8EE}.Debug|Any CPU.Build.0 = Debug|Any CPU
		{35775B0D-0242-4BC0-AEDC-D627CAD9D8EE}.Release|Any CPU.ActiveCfg = Release|Any CPU
		{35775B0D-0242-4BC0-AEDC-D627CAD9D8EE}.Release|Any CPU.Build.0 = Release|Any CPU
	EndGlobalSection
	GlobalSection(SolutionProperties) = preSolution
		HideSolutionNode = FALSE
	EndGlobalSection
	GlobalSection(ExtensibilityGlobals) = postSolution
		SolutionGuid = {E3B90E3B-BC9F-4E73-BF6C-EFA7E21A98B0}
	EndGlobalSection
EndGlobal
