
Microsoft Visual Studio Solution File, Format Version 12.00
# Visual Studio Version 16
VisualStudioVersion = 16.0.32630.194
MinimumVisualStudioVersion = 10.0.40219.1
Project("{FAE04EC0-301F-11D3-BF4B-00C04F79EFBC}") = "LinkedLinkDS", "LinkedList\LinkedLinkDS.csproj", "{526D3777-CFEB-4F6A-8E68-CAA1F7195EFC}"
EndProject
Project("{FAE04EC0-301F-11D3-BF4B-00C04F79EFBC}") = "StackDS", "Stack\StackDS.csproj", "{C9F07063-9B26-49FD-BC10-D5D6695DFAA5}"
EndProject
Project("{FAE04EC0-301F-11D3-BF4B-00C04F79EFBC}") = "QueueDS", "Queue\QueueDS.csproj", "{5DD5EACD-BC74-47FF-9E82-590C8001B48E}"
EndProject
Project("{FAE04EC0-301F-11D3-BF4B-00C04F79EFBC}") = "PriorityQueueDS", "PriorityQueue\PriorityQueueDS.csproj", "{1328E417-BE9C-424D-B3C4-C9634534A636}"
EndProject
Project("{FAE04EC0-301F-11D3-BF4B-00C04F79EFBC}") = "HashTableDS", "HashTable\HashTableDS.csproj", "{EEAFB83F-0B3F-43FE-A5B3-999E13C18041}"
EndProject
Global
	GlobalSection(SolutionConfigurationPlatforms) = preSolution
		Debug|Any CPU = Debug|Any CPU
		Release|Any CPU = Release|Any CPU
	EndGlobalSection
	GlobalSection(ProjectConfigurationPlatforms) = postSolution
		{526D3777-CFEB-4F6A-8E68-CAA1F7195EFC}.Debug|Any CPU.ActiveCfg = Debug|Any CPU
		{526D3777-CFEB-4F6A-8E68-CAA1F7195EFC}.Debug|Any CPU.Build.0 = Debug|Any CPU
		{526D3777-CFEB-4F6A-8E68-CAA1F7195EFC}.Release|Any CPU.ActiveCfg = Release|Any CPU
		{526D3777-CFEB-4F6A-8E68-CAA1F7195EFC}.Release|Any CPU.Build.0 = Release|Any CPU
		{C9F07063-9B26-49FD-BC10-D5D6695DFAA5}.Debug|Any CPU.ActiveCfg = Debug|Any CPU
		{C9F07063-9B26-49FD-BC10-D5D6695DFAA5}.Debug|Any CPU.Build.0 = Debug|Any CPU
		{C9F07063-9B26-49FD-BC10-D5D6695DFAA5}.Release|Any CPU.ActiveCfg = Release|Any CPU
		{C9F07063-9B26-49FD-BC10-D5D6695DFAA5}.Release|Any CPU.Build.0 = Release|Any CPU
		{5DD5EACD-BC74-47FF-9E82-590C8001B48E}.Debug|Any CPU.ActiveCfg = Debug|Any CPU
		{5DD5EACD-BC74-47FF-9E82-590C8001B48E}.Debug|Any CPU.Build.0 = Debug|Any CPU
		{5DD5EACD-BC74-47FF-9E82-590C8001B48E}.Release|Any CPU.ActiveCfg = Release|Any CPU
		{5DD5EACD-BC74-47FF-9E82-590C8001B48E}.Release|Any CPU.Build.0 = Release|Any CPU
		{1328E417-BE9C-424D-B3C4-C9634534A636}.Debug|Any CPU.ActiveCfg = Debug|Any CPU
		{1328E417-BE9C-424D-B3C4-C9634534A636}.Debug|Any CPU.Build.0 = Debug|Any CPU
		{1328E417-BE9C-424D-B3C4-C9634534A636}.Release|Any CPU.ActiveCfg = Release|Any CPU
		{1328E417-BE9C-424D-B3C4-C9634534A636}.Release|Any CPU.Build.0 = Release|Any CPU
		{EEAFB83F-0B3F-43FE-A5B3-999E13C18041}.Debug|Any CPU.ActiveCfg = Debug|Any CPU
		{EEAFB83F-0B3F-43FE-A5B3-999E13C18041}.Debug|Any CPU.Build.0 = Debug|Any CPU
		{EEAFB83F-0B3F-43FE-A5B3-999E13C18041}.Release|Any CPU.ActiveCfg = Release|Any CPU
		{EEAFB83F-0B3F-43FE-A5B3-999E13C18041}.Release|Any CPU.Build.0 = Release|Any CPU
	EndGlobalSection
	GlobalSection(SolutionProperties) = preSolution
		HideSolutionNode = FALSE
	EndGlobalSection
	GlobalSection(ExtensibilityGlobals) = postSolution
		SolutionGuid = {4E3EE074-BE0A-4975-A5BA-3E10D47C5D6E}
	EndGlobalSection
EndGlobal
